
Microsoft Visual Studio Solution File, Format Version 12.00
# Visual Studio Version 16
VisualStudioVersion = 16.0.30503.244
MinimumVisualStudioVersion = 10.0.40219.1
Project("{FAE04EC0-301F-11D3-BF4B-00C04F79EFBC}") = "Vice Launcher", "Vice Launcher\Vice Launcher.csproj", "{D88CDC8E-AC69-4BD2-A161-AEF1A8F32DB9}"
EndProject
Global
	GlobalSection(SolutionConfigurationPlatforms) = preSolution
		Debug|Any CPU = Debug|Any CPU
		Release|Any CPU = Release|Any CPU
	EndGlobalSection
	GlobalSection(ProjectConfigurationPlatforms) = postSolution
		{D88CDC8E-AC69-4BD2-A161-AEF1A8F32DB9}.Debug|Any CPU.ActiveCfg = Debug|Any CPU
		{D88CDC8E-AC69-4BD2-A161-AEF1A8F32DB9}.Debug|Any CPU.Build.0 = Debug|Any CPU
		{D88CDC8E-AC69-4BD2-A161-AEF1A8F32DB9}.Release|Any CPU.ActiveCfg = Release|Any CPU
		{D88CDC8E-AC69-4BD2-A161-AEF1A8F32DB9}.Release|Any CPU.Build.0 = Release|Any CPU
	EndGlobalSection
	GlobalSection(SolutionProperties) = preSolution
		HideSolutionNode = FALSE
	EndGlobalSection
	GlobalSection(ExtensibilityGlobals) = postSolution
		SolutionGuid = {94B680FF-8D5E-4E52-B3BD-AF596F479F15}
	EndGlobalSection
EndGlobal
